// !$*UTF8*$!
{
	archiveVersion = 1;
	classes = {
	};
	objectVersion = 50;
	objects = {

/* Begin PBXBuildFile section */
		90227E122274BE6400C7A858 /* CoreBluetooth.framework in Frameworks */ = {isa = PBXBuildFile; fileRef = 90227E112274BE6400C7A858 /* CoreBluetooth.framework */; };
		90227E142274BED700C7A858 /* BluetoothDelegate.swift in Sources */ = {isa = PBXBuildFile; fileRef = 90227E132274BED700C7A858 /* BluetoothDelegate.swift */; };
		90546A3A2247DA3B000155C4 /* AppDelegate.swift in Sources */ = {isa = PBXBuildFile; fileRef = 90546A392247DA3B000155C4 /* AppDelegate.swift */; };
		90546A3C2247DA3B000155C4 /* ViewController.swift in Sources */ = {isa = PBXBuildFile; fileRef = 90546A3B2247DA3B000155C4 /* ViewController.swift */; };
		90546A3F2247DA3B000155C4 /* Main.storyboard in Resources */ = {isa = PBXBuildFile; fileRef = 90546A3D2247DA3B000155C4 /* Main.storyboard */; };
		90546A412247DA3C000155C4 /* Assets.xcassets in Resources */ = {isa = PBXBuildFile; fileRef = 90546A402247DA3C000155C4 /* Assets.xcassets */; };
		90546A442247DA3C000155C4 /* LaunchScreen.storyboard in Resources */ = {isa = PBXBuildFile; fileRef = 90546A422247DA3C000155C4 /* LaunchScreen.storyboard */; };
		90546A4F2247DA3C000155C4 /* EnvSensorsTests.swift in Sources */ = {isa = PBXBuildFile; fileRef = 90546A4E2247DA3C000155C4 /* EnvSensorsTests.swift */; };
		90546A542247DA3C000155C4 /* EnvSensors WatchKit App.app in Embed Watch Content */ = {isa = PBXBuildFile; fileRef = 90546A532247DA3C000155C4 /* EnvSensors WatchKit App.app */; };
		90546A5A2247DA3C000155C4 /* Interface.storyboard in Resources */ = {isa = PBXBuildFile; fileRef = 90546A582247DA3C000155C4 /* Interface.storyboard */; };
		90546A5C2247DA3D000155C4 /* Assets.xcassets in Resources */ = {isa = PBXBuildFile; fileRef = 90546A5B2247DA3D000155C4 /* Assets.xcassets */; };
		90546A632247DA3D000155C4 /* EnvSensors WatchKit Extension.appex in Embed App Extensions */ = {isa = PBXBuildFile; fileRef = 90546A622247DA3D000155C4 /* EnvSensors WatchKit Extension.appex */; settings = {ATTRIBUTES = (RemoveHeadersOnCopy, ); }; };
		90546A682247DA3D000155C4 /* InterfaceController.swift in Sources */ = {isa = PBXBuildFile; fileRef = 90546A672247DA3D000155C4 /* InterfaceController.swift */; };
		90546A6A2247DA3D000155C4 /* ExtensionDelegate.swift in Sources */ = {isa = PBXBuildFile; fileRef = 90546A692247DA3D000155C4 /* ExtensionDelegate.swift */; };
		90546A6C2247DA3D000155C4 /* NotificationController.swift in Sources */ = {isa = PBXBuildFile; fileRef = 90546A6B2247DA3D000155C4 /* NotificationController.swift */; };
		90546A6E2247DA3D000155C4 /* Assets.xcassets in Resources */ = {isa = PBXBuildFile; fileRef = 90546A6D2247DA3D000155C4 /* Assets.xcassets */; };
		90546A822247EF2C000155C4 /* ModelController.swift in Sources */ = {isa = PBXBuildFile; fileRef = 90546A812247EF2C000155C4 /* ModelController.swift */; };
/* End PBXBuildFile section */

/* Begin PBXContainerItemProxy section */
		90546A4B2247DA3C000155C4 /* PBXContainerItemProxy */ = {
			isa = PBXContainerItemProxy;
			containerPortal = 90546A2E2247DA3A000155C4 /* Project object */;
			proxyType = 1;
			remoteGlobalIDString = 90546A352247DA3A000155C4;
			remoteInfo = EnvSensors;
		};
		90546A552247DA3C000155C4 /* PBXContainerItemProxy */ = {
			isa = PBXContainerItemProxy;
			containerPortal = 90546A2E2247DA3A000155C4 /* Project object */;
			proxyType = 1;
			remoteGlobalIDString = 90546A522247DA3C000155C4;
			remoteInfo = "EnvSensors WatchKit App";
		};
		90546A642247DA3D000155C4 /* PBXContainerItemProxy */ = {
			isa = PBXContainerItemProxy;
			containerPortal = 90546A2E2247DA3A000155C4 /* Project object */;
			proxyType = 1;
			remoteGlobalIDString = 90546A612247DA3D000155C4;
			remoteInfo = "EnvSensors WatchKit Extension";
		};
/* End PBXContainerItemProxy section */

/* Begin PBXCopyFilesBuildPhase section */
		90546A762247DA3D000155C4 /* Embed App Extensions */ = {
			isa = PBXCopyFilesBuildPhase;
			buildActionMask = 2147483647;
			dstPath = "";
			dstSubfolderSpec = 13;
			files = (
				90546A632247DA3D000155C4 /* EnvSensors WatchKit Extension.appex in Embed App Extensions */,
			);
			name = "Embed App Extensions";
			runOnlyForDeploymentPostprocessing = 0;
		};
		90546A7A2247DA3D000155C4 /* Embed Watch Content */ = {
			isa = PBXCopyFilesBuildPhase;
			buildActionMask = 2147483647;
			dstPath = "$(CONTENTS_FOLDER_PATH)/Watch";
			dstSubfolderSpec = 16;
			files = (
				90546A542247DA3C000155C4 /* EnvSensors WatchKit App.app in Embed Watch Content */,
			);
			name = "Embed Watch Content";
			runOnlyForDeploymentPostprocessing = 0;
		};
/* End PBXCopyFilesBuildPhase section */

/* Begin PBXFileReference section */
		90227E102274BDB800C7A858 /* EnvSensors.entitlements */ = {isa = PBXFileReference; lastKnownFileType = text.plist.entitlements; path = EnvSensors.entitlements; sourceTree = "<group>"; };
		90227E112274BE6400C7A858 /* CoreBluetooth.framework */ = {isa = PBXFileReference; lastKnownFileType = wrapper.framework; name = CoreBluetooth.framework; path = System/Library/Frameworks/CoreBluetooth.framework; sourceTree = SDKROOT; };
		90227E132274BED700C7A858 /* BluetoothDelegate.swift */ = {isa = PBXFileReference; lastKnownFileType = sourcecode.swift; path = BluetoothDelegate.swift; sourceTree = "<group>"; };
		90546A362247DA3B000155C4 /* EnvSensors.app */ = {isa = PBXFileReference; explicitFileType = wrapper.application; includeInIndex = 0; path = EnvSensors.app; sourceTree = BUILT_PRODUCTS_DIR; };
		90546A392247DA3B000155C4 /* AppDelegate.swift */ = {isa = PBXFileReference; lastKnownFileType = sourcecode.swift; path = AppDelegate.swift; sourceTree = "<group>"; };
		90546A3B2247DA3B000155C4 /* ViewController.swift */ = {isa = PBXFileReference; lastKnownFileType = sourcecode.swift; path = ViewController.swift; sourceTree = "<group>"; };
		90546A3E2247DA3B000155C4 /* Base */ = {isa = PBXFileReference; lastKnownFileType = file.storyboard; name = Base; path = Base.lproj/Main.storyboard; sourceTree = "<group>"; };
		90546A402247DA3C000155C4 /* Assets.xcassets */ = {isa = PBXFileReference; lastKnownFileType = folder.assetcatalog; path = Assets.xcassets; sourceTree = "<group>"; };
		90546A432247DA3C000155C4 /* Base */ = {isa = PBXFileReference; lastKnownFileType = file.storyboard; name = Base; path = Base.lproj/LaunchScreen.storyboard; sourceTree = "<group>"; };
		90546A452247DA3C000155C4 /* Info.plist */ = {isa = PBXFileReference; lastKnownFileType = text.plist.xml; path = Info.plist; sourceTree = "<group>"; };
		90546A4A2247DA3C000155C4 /* EnvSensorsTests.xctest */ = {isa = PBXFileReference; explicitFileType = wrapper.cfbundle; includeInIndex = 0; path = EnvSensorsTests.xctest; sourceTree = BUILT_PRODUCTS_DIR; };
		90546A4E2247DA3C000155C4 /* EnvSensorsTests.swift */ = {isa = PBXFileReference; lastKnownFileType = sourcecode.swift; path = EnvSensorsTests.swift; sourceTree = "<group>"; };
		90546A502247DA3C000155C4 /* Info.plist */ = {isa = PBXFileReference; lastKnownFileType = text.plist.xml; path = Info.plist; sourceTree = "<group>"; };
		90546A532247DA3C000155C4 /* EnvSensors WatchKit App.app */ = {isa = PBXFileReference; explicitFileType = wrapper.application; includeInIndex = 0; path = "EnvSensors WatchKit App.app"; sourceTree = BUILT_PRODUCTS_DIR; };
		90546A592247DA3C000155C4 /* Base */ = {isa = PBXFileReference; lastKnownFileType = file.storyboard; name = Base; path = Base.lproj/Interface.storyboard; sourceTree = "<group>"; };
		90546A5B2247DA3D000155C4 /* Assets.xcassets */ = {isa = PBXFileReference; lastKnownFileType = folder.assetcatalog; path = Assets.xcassets; sourceTree = "<group>"; };
		90546A5D2247DA3D000155C4 /* Info.plist */ = {isa = PBXFileReference; lastKnownFileType = text.plist.xml; path = Info.plist; sourceTree = "<group>"; };
		90546A622247DA3D000155C4 /* EnvSensors WatchKit Extension.appex */ = {isa = PBXFileReference; explicitFileType = "wrapper.app-extension"; includeInIndex = 0; path = "EnvSensors WatchKit Extension.appex"; sourceTree = BUILT_PRODUCTS_DIR; };
		90546A672247DA3D000155C4 /* InterfaceController.swift */ = {isa = PBXFileReference; lastKnownFileType = sourcecode.swift; path = InterfaceController.swift; sourceTree = "<group>"; };
		90546A692247DA3D000155C4 /* ExtensionDelegate.swift */ = {isa = PBXFileReference; lastKnownFileType = sourcecode.swift; path = ExtensionDelegate.swift; sourceTree = "<group>"; };
		90546A6B2247DA3D000155C4 /* NotificationController.swift */ = {isa = PBXFileReference; lastKnownFileType = sourcecode.swift; path = NotificationController.swift; sourceTree = "<group>"; };
		90546A6D2247DA3D000155C4 /* Assets.xcassets */ = {isa = PBXFileReference; lastKnownFileType = folder.assetcatalog; path = Assets.xcassets; sourceTree = "<group>"; };
		90546A6F2247DA3D000155C4 /* Info.plist */ = {isa = PBXFileReference; lastKnownFileType = text.plist.xml; path = Info.plist; sourceTree = "<group>"; };
		90546A702247DA3D000155C4 /* PushNotificationPayload.apns */ = {isa = PBXFileReference; lastKnownFileType = text; path = PushNotificationPayload.apns; sourceTree = "<group>"; };
		90546A812247EF2C000155C4 /* ModelController.swift */ = {isa = PBXFileReference; lastKnownFileType = sourcecode.swift; path = ModelController.swift; sourceTree = "<group>"; };
/* End PBXFileReference section */

/* Begin PBXFrameworksBuildPhase section */
		90546A332247DA3A000155C4 /* Frameworks */ = {
			isa = PBXFrameworksBuildPhase;
			buildActionMask = 2147483647;
			files = (
				90227E122274BE6400C7A858 /* CoreBluetooth.framework in Frameworks */,
			);
			runOnlyForDeploymentPostprocessing = 0;
		};
		90546A472247DA3C000155C4 /* Frameworks */ = {
			isa = PBXFrameworksBuildPhase;
			buildActionMask = 2147483647;
			files = (
			);
			runOnlyForDeploymentPostprocessing = 0;
		};
		90546A5F2247DA3D000155C4 /* Frameworks */ = {
			isa = PBXFrameworksBuildPhase;
			buildActionMask = 2147483647;
			files = (
			);
			runOnlyForDeploymentPostprocessing = 0;
		};
/* End PBXFrameworksBuildPhase section */

/* Begin PBXGroup section */
		90227E0D2274BDB800C7A858 /* Frameworks */ = {
			isa = PBXGroup;
			children = (
				90227E112274BE6400C7A858 /* CoreBluetooth.framework */,
			);
			name = Frameworks;
			sourceTree = "<group>";
		};
		90546A2D2247DA3A000155C4 = {
			isa = PBXGroup;
			children = (
				90546A382247DA3B000155C4 /* EnvSensors */,
				90546A4D2247DA3C000155C4 /* EnvSensorsTests */,
				90546A572247DA3C000155C4 /* EnvSensors WatchKit App */,
				90546A662247DA3D000155C4 /* EnvSensors WatchKit Extension */,
				90546A372247DA3B000155C4 /* Products */,
				90227E0D2274BDB800C7A858 /* Frameworks */,
			);
			sourceTree = "<group>";
		};
		90546A372247DA3B000155C4 /* Products */ = {
			isa = PBXGroup;
			children = (
				90546A362247DA3B000155C4 /* EnvSensors.app */,
				90546A4A2247DA3C000155C4 /* EnvSensorsTests.xctest */,
				90546A532247DA3C000155C4 /* EnvSensors WatchKit App.app */,
				90546A622247DA3D000155C4 /* EnvSensors WatchKit Extension.appex */,
			);
			name = Products;
			sourceTree = "<group>";
		};
		90546A382247DA3B000155C4 /* EnvSensors */ = {
			isa = PBXGroup;
			children = (
				90227E102274BDB800C7A858 /* EnvSensors.entitlements */,
				90546A392247DA3B000155C4 /* AppDelegate.swift */,
				90546A812247EF2C000155C4 /* ModelController.swift */,
				90546A3B2247DA3B000155C4 /* ViewController.swift */,
				90546A3D2247DA3B000155C4 /* Main.storyboard */,
				90546A402247DA3C000155C4 /* Assets.xcassets */,
				90546A422247DA3C000155C4 /* LaunchScreen.storyboard */,
				90546A452247DA3C000155C4 /* Info.plist */,
				90227E132274BED700C7A858 /* BluetoothDelegate.swift */,
			);
			path = EnvSensors;
			sourceTree = "<group>";
		};
		90546A4D2247DA3C000155C4 /* EnvSensorsTests */ = {
			isa = PBXGroup;
			children = (
				90546A4E2247DA3C000155C4 /* EnvSensorsTests.swift */,
				90546A502247DA3C000155C4 /* Info.plist */,
			);
			path = EnvSensorsTests;
			sourceTree = "<group>";
		};
		90546A572247DA3C000155C4 /* EnvSensors WatchKit App */ = {
			isa = PBXGroup;
			children = (
				90546A582247DA3C000155C4 /* Interface.storyboard */,
				90546A5B2247DA3D000155C4 /* Assets.xcassets */,
				90546A5D2247DA3D000155C4 /* Info.plist */,
			);
			path = "EnvSensors WatchKit App";
			sourceTree = "<group>";
		};
		90546A662247DA3D000155C4 /* EnvSensors WatchKit Extension */ = {
			isa = PBXGroup;
			children = (
				90546A672247DA3D000155C4 /* InterfaceController.swift */,
				90546A692247DA3D000155C4 /* ExtensionDelegate.swift */,
				90546A6B2247DA3D000155C4 /* NotificationController.swift */,
				90546A6D2247DA3D000155C4 /* Assets.xcassets */,
				90546A6F2247DA3D000155C4 /* Info.plist */,
				90546A702247DA3D000155C4 /* PushNotificationPayload.apns */,
			);
			path = "EnvSensors WatchKit Extension";
			sourceTree = "<group>";
		};
/* End PBXGroup section */

/* Begin PBXNativeTarget section */
		90546A352247DA3A000155C4 /* EnvSensors */ = {
			isa = PBXNativeTarget;
			buildConfigurationList = 90546A7B2247DA3D000155C4 /* Build configuration list for PBXNativeTarget "EnvSensors" */;
			buildPhases = (
				90546A322247DA3A000155C4 /* Sources */,
				90546A332247DA3A000155C4 /* Frameworks */,
				90546A342247DA3A000155C4 /* Resources */,
				90546A7A2247DA3D000155C4 /* Embed Watch Content */,
			);
			buildRules = (
			);
			dependencies = (
				90546A562247DA3C000155C4 /* PBXTargetDependency */,
			);
			name = EnvSensors;
			productName = EnvSensors;
			productReference = 90546A362247DA3B000155C4 /* EnvSensors.app */;
			productType = "com.apple.product-type.application";
		};
		90546A492247DA3C000155C4 /* EnvSensorsTests */ = {
			isa = PBXNativeTarget;
			buildConfigurationList = 90546A7E2247DA3D000155C4 /* Build configuration list for PBXNativeTarget "EnvSensorsTests" */;
			buildPhases = (
				90546A462247DA3C000155C4 /* Sources */,
				90546A472247DA3C000155C4 /* Frameworks */,
				90546A482247DA3C000155C4 /* Resources */,
			);
			buildRules = (
			);
			dependencies = (
				90546A4C2247DA3C000155C4 /* PBXTargetDependency */,
			);
			name = EnvSensorsTests;
			productName = EnvSensorsTests;
			productReference = 90546A4A2247DA3C000155C4 /* EnvSensorsTests.xctest */;
			productType = "com.apple.product-type.bundle.unit-test";
		};
		90546A522247DA3C000155C4 /* EnvSensors WatchKit App */ = {
			isa = PBXNativeTarget;
			buildConfigurationList = 90546A772247DA3D000155C4 /* Build configuration list for PBXNativeTarget "EnvSensors WatchKit App" */;
			buildPhases = (
				90546A512247DA3C000155C4 /* Resources */,
				90546A762247DA3D000155C4 /* Embed App Extensions */,
			);
			buildRules = (
			);
			dependencies = (
				90546A652247DA3D000155C4 /* PBXTargetDependency */,
			);
			name = "EnvSensors WatchKit App";
			productName = "EnvSensors WatchKit App";
			productReference = 90546A532247DA3C000155C4 /* EnvSensors WatchKit App.app */;
			productType = "com.apple.product-type.application.watchapp2";
		};
		90546A612247DA3D000155C4 /* EnvSensors WatchKit Extension */ = {
			isa = PBXNativeTarget;
			buildConfigurationList = 90546A732247DA3D000155C4 /* Build configuration list for PBXNativeTarget "EnvSensors WatchKit Extension" */;
			buildPhases = (
				90546A5E2247DA3D000155C4 /* Sources */,
				90546A5F2247DA3D000155C4 /* Frameworks */,
				90546A602247DA3D000155C4 /* Resources */,
			);
			buildRules = (
			);
			dependencies = (
			);
			name = "EnvSensors WatchKit Extension";
			productName = "EnvSensors WatchKit Extension";
			productReference = 90546A622247DA3D000155C4 /* EnvSensors WatchKit Extension.appex */;
			productType = "com.apple.product-type.watchkit2-extension";
		};
/* End PBXNativeTarget section */

/* Begin PBXProject section */
		90546A2E2247DA3A000155C4 /* Project object */ = {
			isa = PBXProject;
			attributes = {
				LastSwiftUpdateCheck = 1010;
				LastUpgradeCheck = 1010;
				ORGANIZATIONNAME = "Vladimir Lagunov";
				TargetAttributes = {
					90546A352247DA3A000155C4 = {
						CreatedOnToolsVersion = 10.1;
						LastSwiftMigration = 1020;
						SystemCapabilities = {
							com.apple.BackgroundModes = {
								enabled = 1;
							};
							com.apple.WAC = {
								enabled = 0;
							};
						};
					};
					90546A492247DA3C000155C4 = {
						CreatedOnToolsVersion = 10.1;
						LastSwiftMigration = 1020;
						TestTargetID = 90546A352247DA3A000155C4;
					};
					90546A522247DA3C000155C4 = {
						CreatedOnToolsVersion = 10.1;
					};
					90546A612247DA3D000155C4 = {
						CreatedOnToolsVersion = 10.1;
						LastSwiftMigration = 1020;
					};
				};
			};
			buildConfigurationList = 90546A312247DA3A000155C4 /* Build configuration list for PBXProject "EnvSensors" */;
			compatibilityVersion = "Xcode 9.3";
			developmentRegion = en;
			hasScannedForEncodings = 0;
			knownRegions = (
				en,
				Base,
			);
			mainGroup = 90546A2D2247DA3A000155C4;
			productRefGroup = 90546A372247DA3B000155C4 /* Products */;
			projectDirPath = "";
			projectRoot = "";
			targets = (
				90546A352247DA3A000155C4 /* EnvSensors */,
				90546A492247DA3C000155C4 /* EnvSensorsTests */,
				90546A522247DA3C000155C4 /* EnvSensors WatchKit App */,
				90546A612247DA3D000155C4 /* EnvSensors WatchKit Extension */,
			);
		};
/* End PBXProject section */

/* Begin PBXResourcesBuildPhase section */
		90546A342247DA3A000155C4 /* Resources */ = {
			isa = PBXResourcesBuildPhase;
			buildActionMask = 2147483647;
			files = (
				90546A442247DA3C000155C4 /* LaunchScreen.storyboard in Resources */,
				90546A412247DA3C000155C4 /* Assets.xcassets in Resources */,
				90546A3F2247DA3B000155C4 /* Main.storyboard in Resources */,
			);
			runOnlyForDeploymentPostprocessing = 0;
		};
		90546A482247DA3C000155C4 /* Resources */ = {
			isa = PBXResourcesBuildPhase;
			buildActionMask = 2147483647;
			files = (
			);
			runOnlyForDeploymentPostprocessing = 0;
		};
		90546A512247DA3C000155C4 /* Resources */ = {
			isa = PBXResourcesBuildPhase;
			buildActionMask = 2147483647;
			files = (
				90546A5C2247DA3D000155C4 /* Assets.xcassets in Resources */,
				90546A5A2247DA3C000155C4 /* Interface.storyboard in Resources */,
			);
			runOnlyForDeploymentPostprocessing = 0;
		};
		90546A602247DA3D000155C4 /* Resources */ = {
			isa = PBXResourcesBuildPhase;
			buildActionMask = 2147483647;
			files = (
				90546A6E2247DA3D000155C4 /* Assets.xcassets in Resources */,
			);
			runOnlyForDeploymentPostprocessing = 0;
		};
/* End PBXResourcesBuildPhase section */

/* Begin PBXSourcesBuildPhase section */
		90546A322247DA3A000155C4 /* Sources */ = {
			isa = PBXSourcesBuildPhase;
			buildActionMask = 2147483647;
			files = (
				90546A822247EF2C000155C4 /* ModelController.swift in Sources */,
				90546A3C2247DA3B000155C4 /* ViewController.swift in Sources */,
				90546A3A2247DA3B000155C4 /* AppDelegate.swift in Sources */,
				90227E142274BED700C7A858 /* BluetoothDelegate.swift in Sources */,
			);
			runOnlyForDeploymentPostprocessing = 0;
		};
		90546A462247DA3C000155C4 /* Sources */ = {
			isa = PBXSourcesBuildPhase;
			buildActionMask = 2147483647;
			files = (
				90546A4F2247DA3C000155C4 /* EnvSensorsTests.swift in Sources */,
			);
			runOnlyForDeploymentPostprocessing = 0;
		};
		90546A5E2247DA3D000155C4 /* Sources */ = {
			isa = PBXSourcesBuildPhase;
			buildActionMask = 2147483647;
			files = (
				90546A6C2247DA3D000155C4 /* NotificationController.swift in Sources */,
				90546A6A2247DA3D000155C4 /* ExtensionDelegate.swift in Sources */,
				90546A682247DA3D000155C4 /* InterfaceController.swift in Sources */,
			);
			runOnlyForDeploymentPostprocessing = 0;
		};
/* End PBXSourcesBuildPhase section */

/* Begin PBXTargetDependency section */
		90546A4C2247DA3C000155C4 /* PBXTargetDependency */ = {
			isa = PBXTargetDependency;
			target = 90546A352247DA3A000155C4 /* EnvSensors */;
			targetProxy = 90546A4B2247DA3C000155C4 /* PBXContainerItemProxy */;
		};
		90546A562247DA3C000155C4 /* PBXTargetDependency */ = {
			isa = PBXTargetDependency;
			target = 90546A522247DA3C000155C4 /* EnvSensors WatchKit App */;
			targetProxy = 90546A552247DA3C000155C4 /* PBXContainerItemProxy */;
		};
		90546A652247DA3D000155C4 /* PBXTargetDependency */ = {
			isa = PBXTargetDependency;
			target = 90546A612247DA3D000155C4 /* EnvSensors WatchKit Extension */;
			targetProxy = 90546A642247DA3D000155C4 /* PBXContainerItemProxy */;
		};
/* End PBXTargetDependency section */

/* Begin PBXVariantGroup section */
		90546A3D2247DA3B000155C4 /* Main.storyboard */ = {
			isa = PBXVariantGroup;
			children = (
				90546A3E2247DA3B000155C4 /* Base */,
			);
			name = Main.storyboard;
			sourceTree = "<group>";
		};
		90546A422247DA3C000155C4 /* LaunchScreen.storyboard */ = {
			isa = PBXVariantGroup;
			children = (
				90546A432247DA3C000155C4 /* Base */,
			);
			name = LaunchScreen.storyboard;
			sourceTree = "<group>";
		};
		90546A582247DA3C000155C4 /* Interface.storyboard */ = {
			isa = PBXVariantGroup;
			children = (
				90546A592247DA3C000155C4 /* Base */,
			);
			name = Interface.storyboard;
			sourceTree = "<group>";
		};
/* End PBXVariantGroup section */

/* Begin XCBuildConfiguration section */
		90546A712247DA3D000155C4 /* Debug */ = {
			isa = XCBuildConfiguration;
			buildSettings = {
				ALWAYS_SEARCH_USER_PATHS = NO;
				CLANG_ANALYZER_NONNULL = YES;
				CLANG_ANALYZER_NUMBER_OBJECT_CONVERSION = YES_AGGRESSIVE;
				CLANG_CXX_LANGUAGE_STANDARD = "gnu++14";
				CLANG_CXX_LIBRARY = "libc++";
				CLANG_ENABLE_MODULES = YES;
				CLANG_ENABLE_OBJC_ARC = YES;
				CLANG_ENABLE_OBJC_WEAK = YES;
				CLANG_WARN_BLOCK_CAPTURE_AUTORELEASING = YES;
				CLANG_WARN_BOOL_CONVERSION = YES;
				CLANG_WARN_COMMA = YES;
				CLANG_WARN_CONSTANT_CONVERSION = YES;
				CLANG_WARN_DEPRECATED_OBJC_IMPLEMENTATIONS = YES;
				CLANG_WARN_DIRECT_OBJC_ISA_USAGE = YES_ERROR;
				CLANG_WARN_DOCUMENTATION_COMMENTS = YES;
				CLANG_WARN_EMPTY_BODY = YES;
				CLANG_WARN_ENUM_CONVERSION = YES;
				CLANG_WARN_INFINITE_RECURSION = YES;
				CLANG_WARN_INT_CONVERSION = YES;
				CLANG_WARN_NON_LITERAL_NULL_CONVERSION = YES;
				CLANG_WARN_OBJC_IMPLICIT_RETAIN_SELF = YES;
				CLANG_WARN_OBJC_LITERAL_CONVERSION = YES;
				CLANG_WARN_OBJC_ROOT_CLASS = YES_ERROR;
				CLANG_WARN_RANGE_LOOP_ANALYSIS = YES;
				CLANG_WARN_STRICT_PROTOTYPES = YES;
				CLANG_WARN_SUSPICIOUS_MOVE = YES;
				CLANG_WARN_UNGUARDED_AVAILABILITY = YES_AGGRESSIVE;
				CLANG_WARN_UNREACHABLE_CODE = YES;
				CLANG_WARN__DUPLICATE_METHOD_MATCH = YES;
				CODE_SIGN_IDENTITY = "iPhone Developer";
				COPY_PHASE_STRIP = NO;
				DEBUG_INFORMATION_FORMAT = dwarf;
				ENABLE_STRICT_OBJC_MSGSEND = YES;
				ENABLE_TESTABILITY = YES;
				GCC_C_LANGUAGE_STANDARD = gnu11;
				GCC_DYNAMIC_NO_PIC = NO;
				GCC_NO_COMMON_BLOCKS = YES;
				GCC_OPTIMIZATION_LEVEL = 0;
				GCC_PREPROCESSOR_DEFINITIONS = (
					"DEBUG=1",
					"$(inherited)",
				);
				GCC_WARN_64_TO_32_BIT_CONVERSION = YES;
				GCC_WARN_ABOUT_RETURN_TYPE = YES_ERROR;
				GCC_WARN_UNDECLARED_SELECTOR = YES;
				GCC_WARN_UNINITIALIZED_AUTOS = YES_AGGRESSIVE;
				GCC_WARN_UNUSED_FUNCTION = YES;
				GCC_WARN_UNUSED_VARIABLE = YES;
				IPHONEOS_DEPLOYMENT_TARGET = 12.1;
				MTL_ENABLE_DEBUG_INFO = INCLUDE_SOURCE;
				MTL_FAST_MATH = YES;
				ONLY_ACTIVE_ARCH = YES;
				SDKROOT = iphoneos;
				SWIFT_ACTIVE_COMPILATION_CONDITIONS = DEBUG;
				SWIFT_OPTIMIZATION_LEVEL = "-Onone";
			};
			name = Debug;
		};
		90546A722247DA3D000155C4 /* Release */ = {
			isa = XCBuildConfiguration;
			buildSettings = {
				ALWAYS_SEARCH_USER_PATHS = NO;
				CLANG_ANALYZER_NONNULL = YES;
				CLANG_ANALYZER_NUMBER_OBJECT_CONVERSION = YES_AGGRESSIVE;
				CLANG_CXX_LANGUAGE_STANDARD = "gnu++14";
				CLANG_CXX_LIBRARY = "libc++";
				CLANG_ENABLE_MODULES = YES;
				CLANG_ENABLE_OBJC_ARC = YES;
				CLANG_ENABLE_OBJC_WEAK = YES;
				CLANG_WARN_BLOCK_CAPTURE_AUTORELEASING = YES;
				CLANG_WARN_BOOL_CONVERSION = YES;
				CLANG_WARN_COMMA = YES;
				CLANG_WARN_CONSTANT_CONVERSION = YES;
				CLANG_WARN_DEPRECATED_OBJC_IMPLEMENTATIONS = YES;
				CLANG_WARN_DIRECT_OBJC_ISA_USAGE = YES_ERROR;
				CLANG_WARN_DOCUMENTATION_COMMENTS = YES;
				CLANG_WARN_EMPTY_BODY = YES;
				CLANG_WARN_ENUM_CONVERSION = YES;
				CLANG_WARN_INFINITE_RECURSION = YES;
				CLANG_WARN_INT_CONVERSION = YES;
				CLANG_WARN_NON_LITERAL_NULL_CONVERSION = YES;
				CLANG_WARN_OBJC_IMPLICIT_RETAIN_SELF = YES;
				CLANG_WARN_OBJC_LITERAL_CONVERSION = YES;
				CLANG_WARN_OBJC_ROOT_CLASS = YES_ERROR;
				CLANG_WARN_RANGE_LOOP_ANALYSIS = YES;
				CLANG_WARN_STRICT_PROTOTYPES = YES;
				CLANG_WARN_SUSPICIOUS_MOVE = YES;
				CLANG_WARN_UNGUARDED_AVAILABILITY = YES_AGGRESSIVE;
				CLANG_WARN_UNREACHABLE_CODE = YES;
				CLANG_WARN__DUPLICATE_METHOD_MATCH = YES;
				CODE_SIGN_IDENTITY = "iPhone Developer";
				COPY_PHASE_STRIP = NO;
				DEBUG_INFORMATION_FORMAT = "dwarf-with-dsym";
				ENABLE_NS_ASSERTIONS = NO;
				ENABLE_STRICT_OBJC_MSGSEND = YES;
				GCC_C_LANGUAGE_STANDARD = gnu11;
				GCC_NO_COMMON_BLOCKS = YES;
				GCC_WARN_64_TO_32_BIT_CONVERSION = YES;
				GCC_WARN_ABOUT_RETURN_TYPE = YES_ERROR;
				GCC_WARN_UNDECLARED_SELECTOR = YES;
				GCC_WARN_UNINITIALIZED_AUTOS = YES_AGGRESSIVE;
				GCC_WARN_UNUSED_FUNCTION = YES;
				GCC_WARN_UNUSED_VARIABLE = YES;
				IPHONEOS_DEPLOYMENT_TARGET = 12.1;
				MTL_ENABLE_DEBUG_INFO = NO;
				MTL_FAST_MATH = YES;
				SDKROOT = iphoneos;
				SWIFT_COMPILATION_MODE = wholemodule;
				SWIFT_OPTIMIZATION_LEVEL = "-O";
				VALIDATE_PRODUCT = YES;
			};
			name = Release;
		};
		90546A742247DA3D000155C4 /* Debug */ = {
			isa = XCBuildConfiguration;
			buildSettings = {
				ASSETCATALOG_COMPILER_COMPLICATION_NAME = Complication;
				CODE_SIGN_STYLE = Automatic;
				DEVELOPMENT_TEAM = Z9VNAM74X7;
				INFOPLIST_FILE = "EnvSensors WatchKit Extension/Info.plist";
				LD_RUNPATH_SEARCH_PATHS = (
					"$(inherited)",
					"@executable_path/Frameworks",
					"@executable_path/../../Frameworks",
				);
				PRODUCT_BUNDLE_IDENTIFIER = com.example.EnvSensors.watchkitapp.watchkitextension;
				PRODUCT_NAME = "${TARGET_NAME}";
				SDKROOT = watchos;
				SKIP_INSTALL = YES;
				SWIFT_VERSION = 5.0;
				TARGETED_DEVICE_FAMILY = 4;
				WATCHOS_DEPLOYMENT_TARGET = 5.1;
			};
			name = Debug;
		};
		90546A752247DA3D000155C4 /* Release */ = {
			isa = XCBuildConfiguration;
			buildSettings = {
				ASSETCATALOG_COMPILER_COMPLICATION_NAME = Complication;
				CODE_SIGN_STYLE = Automatic;
				DEVELOPMENT_TEAM = Z9VNAM74X7;
				INFOPLIST_FILE = "EnvSensors WatchKit Extension/Info.plist";
				LD_RUNPATH_SEARCH_PATHS = (
					"$(inherited)",
					"@executable_path/Frameworks",
					"@executable_path/../../Frameworks",
				);
				PRODUCT_BUNDLE_IDENTIFIER = com.example.EnvSensors.watchkitapp.watchkitextension;
				PRODUCT_NAME = "${TARGET_NAME}";
				SDKROOT = watchos;
				SKIP_INSTALL = YES;
				SWIFT_VERSION = 5.0;
				TARGETED_DEVICE_FAMILY = 4;
				WATCHOS_DEPLOYMENT_TARGET = 5.1;
			};
			name = Release;
		};
		90546A782247DA3D000155C4 /* Debug */ = {
			isa = XCBuildConfiguration;
			buildSettings = {
				ALWAYS_EMBED_SWIFT_STANDARD_LIBRARIES = YES;
				ASSETCATALOG_COMPILER_APPICON_NAME = AppIcon;
				CODE_SIGN_STYLE = Automatic;
				DEVELOPMENT_TEAM = Z9VNAM74X7;
				IBSC_MODULE = EnvSensors_WatchKit_Extension;
				INFOPLIST_FILE = "EnvSensors WatchKit App/Info.plist";
				PRODUCT_BUNDLE_IDENTIFIER = com.example.EnvSensors.watchkitapp;
				PRODUCT_NAME = "$(TARGET_NAME)";
				SDKROOT = watchos;
				SKIP_INSTALL = YES;
				SWIFT_VERSION = 4.2;
				TARGETED_DEVICE_FAMILY = 4;
				WATCHOS_DEPLOYMENT_TARGET = 5.1;
			};
			name = Debug;
		};
		90546A792247DA3D000155C4 /* Release */ = {
			isa = XCBuildConfiguration;
			buildSettings = {
				ALWAYS_EMBED_SWIFT_STANDARD_LIBRARIES = YES;
				ASSETCATALOG_COMPILER_APPICON_NAME = AppIcon;
				CODE_SIGN_STYLE = Automatic;
				DEVELOPMENT_TEAM = Z9VNAM74X7;
				IBSC_MODULE = EnvSensors_WatchKit_Extension;
				INFOPLIST_FILE = "EnvSensors WatchKit App/Info.plist";
				PRODUCT_BUNDLE_IDENTIFIER = com.example.EnvSensors.watchkitapp;
				PRODUCT_NAME = "$(TARGET_NAME)";
				SDKROOT = watchos;
				SKIP_INSTALL = YES;
				SWIFT_VERSION = 4.2;
				TARGETED_DEVICE_FAMILY = 4;
				WATCHOS_DEPLOYMENT_TARGET = 5.1;
			};
			name = Release;
		};
		90546A7C2247DA3D000155C4 /* Debug */ = {
			isa = XCBuildConfiguration;
			buildSettings = {
				ASSETCATALOG_COMPILER_APPICON_NAME = AppIcon;
				CODE_SIGN_STYLE = Automatic;
				DEVELOPMENT_TEAM = Z9VNAM74X7;
				INFOPLIST_FILE = EnvSensors/Info.plist;
				LD_RUNPATH_SEARCH_PATHS = (
					"$(inherited)",
					"@executable_path/Frameworks",
				);
				PRODUCT_BUNDLE_IDENTIFIER = com.example.EnvSensors;
				PRODUCT_NAME = "$(TARGET_NAME)";
				SWIFT_VERSION = 5.0;
				TARGETED_DEVICE_FAMILY = "1,2";
			};
			name = Debug;
		};
		90546A7D2247DA3D000155C4 /* Release */ = {
			isa = XCBuildConfiguration;
			buildSettings = {
				ASSETCATALOG_COMPILER_APPICON_NAME = AppIcon;
				CODE_SIGN_STYLE = Automatic;
				DEVELOPMENT_TEAM = Z9VNAM74X7;
				INFOPLIST_FILE = EnvSensors/Info.plist;
				LD_RUNPATH_SEARCH_PATHS = (
					"$(inherited)",
					"@executable_path/Frameworks",
				);
				PRODUCT_BUNDLE_IDENTIFIER = com.example.EnvSensors;
				PRODUCT_NAME = "$(TARGET_NAME)";
				SWIFT_VERSION = 5.0;
				TARGETED_DEVICE_FAMILY = "1,2";
			};
			name = Release;
		};
		90546A7F2247DA3D000155C4 /* Debug */ = {
			isa = XCBuildConfiguration;
			buildSettings = {
				ALWAYS_EMBED_SWIFT_STANDARD_LIBRARIES = YES;
				BUNDLE_LOADER = "$(TEST_HOST)";
				CODE_SIGN_STYLE = Automatic;
				DEVELOPMENT_TEAM = Z9VNAM74X7;
				INFOPLIST_FILE = EnvSensorsTests/Info.plist;
				LD_RUNPATH_SEARCH_PATHS = (
					"$(inherited)",
					"@executable_path/Frameworks",
					"@loader_path/Frameworks",
				);
				PRODUCT_BUNDLE_IDENTIFIER = com.example.EnvSensorsTests;
				PRODUCT_NAME = "$(TARGET_NAME)";
				SWIFT_VERSION = 5.0;
				TARGETED_DEVICE_FAMILY = "1,2";
				TEST_HOST = "$(BUILT_PRODUCTS_DIR)/EnvSensors.app/EnvSensors";
			};
			name = Debug;
		};
		90546A802247DA3D000155C4 /* Release */ = {
			isa = XCBuildConfiguration;
			buildSettings = {
				ALWAYS_EMBED_SWIFT_STANDARD_LIBRARIES = YES;
				BUNDLE_LOADER = "$(TEST_HOST)";
				CODE_SIGN_STYLE = Automatic;
				DEVELOPMENT_TEAM = Z9VNAM74X7;
				INFOPLIST_FILE = EnvSensorsTests/Info.plist;
				LD_RUNPATH_SEARCH_PATHS = (
					"$(inherited)",
					"@executable_path/Frameworks",
					"@loader_path/Frameworks",
				);
				PRODUCT_BUNDLE_IDENTIFIER = com.example.EnvSensorsTests;
				PRODUCT_NAME = "$(TARGET_NAME)";
				SWIFT_VERSION = 5.0;
				TARGETED_DEVICE_FAMILY = "1,2";
				TEST_HOST = "$(BUILT_PRODUCTS_DIR)/EnvSensors.app/EnvSensors";
			};
			name = Release;
		};
/* End XCBuildConfiguration section */

/* Begin XCConfigurationList section */
		90546A312247DA3A000155C4 /* Build configuration list for PBXProject "EnvSensors" */ = {
			isa = XCConfigurationList;
			buildConfigurations = (
				90546A712247DA3D000155C4 /* Debug */,
				90546A722247DA3D000155C4 /* Release */,
			);
			defaultConfigurationIsVisible = 0;
			defaultConfigurationName = Release;
		};
		90546A732247DA3D000155C4 /* Build configuration list for PBXNativeTarget "EnvSensors WatchKit Extension" */ = {
			isa = XCConfigurationList;
			buildConfigurations = (
				90546A742247DA3D000155C4 /* Debug */,
				90546A752247DA3D000155C4 /* Release */,
			);
			defaultConfigurationIsVisible = 0;
			defaultConfigurationName = Release;
		};
		90546A772247DA3D000155C4 /* Build configuration list for PBXNativeTarget "EnvSensors WatchKit App" */ = {
			isa = XCConfigurationList;
			buildConfigurations = (
				90546A782247DA3D000155C4 /* Debug */,
				90546A792247DA3D000155C4 /* Release */,
			);
			defaultConfigurationIsVisible = 0;
			defaultConfigurationName = Release;
		};
		90546A7B2247DA3D000155C4 /* Build configuration list for PBXNativeTarget "EnvSensors" */ = {
			isa = XCConfigurationList;
			buildConfigurations = (
				90546A7C2247DA3D000155C4 /* Debug */,
				90546A7D2247DA3D000155C4 /* Release */,
			);
			defaultConfigurationIsVisible = 0;
			defaultConfigurationName = Release;
		};
		90546A7E2247DA3D000155C4 /* Build configuration list for PBXNativeTarget "EnvSensorsTests" */ = {
			isa = XCConfigurationList;
			buildConfigurations = (
				90546A7F2247DA3D000155C4 /* Debug */,
				90546A802247DA3D000155C4 /* Release */,
			);
			defaultConfigurationIsVisible = 0;
			defaultConfigurationName = Release;
		};
/* End XCConfigurationList section */
	};
	rootObject = 90546A2E2247DA3A000155C4 /* Project object */;
}
